
Microsoft Visual Studio Solution File, Format Version 12.00
# Visual Studio 15
VisualStudioVersion = 15.0.27428.2015
MinimumVisualStudioVersion = 10.0.40219.1
Project("{FAE04EC0-301F-11D3-BF4B-00C04F79EFBC}") = "HeicToJPEG", "HeicToJPEG\HeicToJPEG.csproj", "{FACC9112-704E-45F7-A675-38A050DF84AB}"
EndProject
Project("{FAE04EC0-301F-11D3-BF4B-00C04F79EFBC}") = "ImageConverters", "ImageConverter\ImageConverters.csproj", "{7DC6D7C6-FE59-46F7-A191-C4F854D645E6}"
EndProject
Global
	GlobalSection(SolutionConfigurationPlatforms) = preSolution
		Debug|Any CPU = Debug|Any CPU
		Release|Any CPU = Release|Any CPU
	EndGlobalSection
	GlobalSection(ProjectConfigurationPlatforms) = postSolution
		{FACC9112-704E-45F7-A675-38A050DF84AB}.Debug|Any CPU.ActiveCfg = Debug|Any CPU
		{FACC9112-704E-45F7-A675-38A050DF84AB}.Debug|Any CPU.Build.0 = Debug|Any CPU
		{FACC9112-704E-45F7-A675-38A050DF84AB}.Release|Any CPU.ActiveCfg = Release|Any CPU
		{FACC9112-704E-45F7-A675-38A050DF84AB}.Release|Any CPU.Build.0 = Release|Any CPU
		{7DC6D7C6-FE59-46F7-A191-C4F854D645E6}.Debug|Any CPU.ActiveCfg = Debug|Any CPU
		{7DC6D7C6-FE59-46F7-A191-C4F854D645E6}.Debug|Any CPU.Build.0 = Debug|Any CPU
		{7DC6D7C6-FE59-46F7-A191-C4F854D645E6}.Release|Any CPU.ActiveCfg = Release|Any CPU
		{7DC6D7C6-FE59-46F7-A191-C4F854D645E6}.Release|Any CPU.Build.0 = Release|Any CPU
	EndGlobalSection
	GlobalSection(SolutionProperties) = preSolution
		HideSolutionNode = FALSE
	EndGlobalSection
	GlobalSection(ExtensibilityGlobals) = postSolution
		SolutionGuid = {EE779874-26DE-4173-94BD-99109D730A40}
	EndGlobalSection
EndGlobal
